// !$*UTF8*$!
{
	archiveVersion = 1;
	classes = {
	};
	objectVersion = 55;
	objects = {

/* Begin PBXBuildFile section */
		55C9818ACE2007F7FEA1643D /* Pods_PS_TASKTests.framework in Frameworks */ = {isa = PBXBuildFile; fileRef = FA7A25F38B44CE77ABA55F94 /* Pods_PS_TASKTests.framework */; };
		5AB669D42EB94CE58E6A06BC /* Pods_PS_TASK.framework in Frameworks */ = {isa = PBXBuildFile; fileRef = 45D42E596CCF0D40632148AD /* Pods_PS_TASK.framework */; };
		9B1640A72860F13600A015D0 /* category.swift in Sources */ = {isa = PBXBuildFile; fileRef = 9B1640A62860F13600A015D0 /* category.swift */; };
		9B1640A92860F14600A015D0 /* items.swift in Sources */ = {isa = PBXBuildFile; fileRef = 9B1640A82860F14600A015D0 /* items.swift */; };
		9B1640AB2860F15800A015D0 /* products.swift in Sources */ = {isa = PBXBuildFile; fileRef = 9B1640AA2860F15800A015D0 /* products.swift */; };
		9B1640AD2860F16A00A015D0 /* combo.swift in Sources */ = {isa = PBXBuildFile; fileRef = 9B1640AC2860F16A00A015D0 /* combo.swift */; };
		9B1640B02860F8B800A015D0 /* NetworkAPI.swift in Sources */ = {isa = PBXBuildFile; fileRef = 9B1640AF2860F8B800A015D0 /* NetworkAPI.swift */; };
		9B1640B22860F8CB00A015D0 /* NetworkRequest.swift in Sources */ = {isa = PBXBuildFile; fileRef = 9B1640B12860F8CB00A015D0 /* NetworkRequest.swift */; };
		9B1640B52860F8E900A015D0 /* BaseAPI.swift in Sources */ = {isa = PBXBuildFile; fileRef = 9B1640B42860F8E900A015D0 /* BaseAPI.swift */; };
		9B1640B72860F8FA00A015D0 /* TargetType.swift in Sources */ = {isa = PBXBuildFile; fileRef = 9B1640B62860F8FA00A015D0 /* TargetType.swift */; };
		9B1640BB2861050500A015D0 /* HomeViewModel.swift in Sources */ = {isa = PBXBuildFile; fileRef = 9B1640BA2861050500A015D0 /* HomeViewModel.swift */; };
		9B1640BE2861052400A015D0 /* HomeView.swift in Sources */ = {isa = PBXBuildFile; fileRef = 9B1640BD2861052400A015D0 /* HomeView.swift */; };
		9B1640C22861059B00A015D0 /* DetailsViewModel.swift in Sources */ = {isa = PBXBuildFile; fileRef = 9B1640C12861059A00A015D0 /* DetailsViewModel.swift */; };
		9B1640C5286105BF00A015D0 /* DetailsView.swift in Sources */ = {isa = PBXBuildFile; fileRef = 9B1640C4286105BE00A015D0 /* DetailsView.swift */; };
		9B63B0DC2860BA190074B85A /* PS_TASKApp.swift in Sources */ = {isa = PBXBuildFile; fileRef = 9B63B0DB2860BA190074B85A /* PS_TASKApp.swift */; };
		9B63B0DE2860BA190074B85A /* ContentView.swift in Sources */ = {isa = PBXBuildFile; fileRef = 9B63B0DD2860BA190074B85A /* ContentView.swift */; };
		9B63B0E02860BA1D0074B85A /* Assets.xcassets in Resources */ = {isa = PBXBuildFile; fileRef = 9B63B0DF2860BA1D0074B85A /* Assets.xcassets */; };
		9B63B0E32860BA1D0074B85A /* Preview Assets.xcassets in Resources */ = {isa = PBXBuildFile; fileRef = 9B63B0E22860BA1D0074B85A /* Preview Assets.xcassets */; };
		9B63B0ED2860BA1E0074B85A /* PS_TASKTests.swift in Sources */ = {isa = PBXBuildFile; fileRef = 9B63B0EC2860BA1E0074B85A /* PS_TASKTests.swift */; };
		9B63B0F72860BA1E0074B85A /* PS_TASKUITests.swift in Sources */ = {isa = PBXBuildFile; fileRef = 9B63B0F62860BA1E0074B85A /* PS_TASKUITests.swift */; };
		9B63B0F92860BA1E0074B85A /* PS_TASKUITestsLaunchTests.swift in Sources */ = {isa = PBXBuildFile; fileRef = 9B63B0F82860BA1E0074B85A /* PS_TASKUITestsLaunchTests.swift */; };
		9BC0C8CF2860D94C00212561 /* QGrid in Frameworks */ = {isa = PBXBuildFile; productRef = 9BC0C8CE2860D94C00212561 /* QGrid */; };
		FD9DE2DEDAE9B34112ED79C0 /* Pods_PS_TASK_PS_TASKUITests.framework in Frameworks */ = {isa = PBXBuildFile; fileRef = 542DB1BA57878A52873DE9B0 /* Pods_PS_TASK_PS_TASKUITests.framework */; };
/* End PBXBuildFile section */

/* Begin PBXContainerItemProxy section */
		9B63B0E92860BA1E0074B85A /* PBXContainerItemProxy */ = {
			isa = PBXContainerItemProxy;
			containerPortal = 9B63B0D02860BA190074B85A /* Project object */;
			proxyType = 1;
			remoteGlobalIDString = 9B63B0D72860BA190074B85A;
			remoteInfo = PS_TASK;
		};
		9B63B0F32860BA1E0074B85A /* PBXContainerItemProxy */ = {
			isa = PBXContainerItemProxy;
			containerPortal = 9B63B0D02860BA190074B85A /* Project object */;
			proxyType = 1;
			remoteGlobalIDString = 9B63B0D72860BA190074B85A;
			remoteInfo = PS_TASK;
		};
/* End PBXContainerItemProxy section */

/* Begin PBXFileReference section */
		34F507C6414FAB6E7AD7BC4E /* Pods-PS_TASKTests.release.xcconfig */ = {isa = PBXFileReference; includeInIndex = 1; lastKnownFileType = text.xcconfig; name = "Pods-PS_TASKTests.release.xcconfig"; path = "Target Support Files/Pods-PS_TASKTests/Pods-PS_TASKTests.release.xcconfig"; sourceTree = "<group>"; };
		45D42E596CCF0D40632148AD /* Pods_PS_TASK.framework */ = {isa = PBXFileReference; explicitFileType = wrapper.framework; includeInIndex = 0; path = Pods_PS_TASK.framework; sourceTree = BUILT_PRODUCTS_DIR; };
		4D0A566E782A1BB70557FE7E /* Pods-PS_TASK-PS_TASKUITests.debug.xcconfig */ = {isa = PBXFileReference; includeInIndex = 1; lastKnownFileType = text.xcconfig; name = "Pods-PS_TASK-PS_TASKUITests.debug.xcconfig"; path = "Target Support Files/Pods-PS_TASK-PS_TASKUITests/Pods-PS_TASK-PS_TASKUITests.debug.xcconfig"; sourceTree = "<group>"; };
		51422B81F1186D4F33416641 /* Pods-PS_TASK.debug.xcconfig */ = {isa = PBXFileReference; includeInIndex = 1; lastKnownFileType = text.xcconfig; name = "Pods-PS_TASK.debug.xcconfig"; path = "Target Support Files/Pods-PS_TASK/Pods-PS_TASK.debug.xcconfig"; sourceTree = "<group>"; };
		542DB1BA57878A52873DE9B0 /* Pods_PS_TASK_PS_TASKUITests.framework */ = {isa = PBXFileReference; explicitFileType = wrapper.framework; includeInIndex = 0; path = Pods_PS_TASK_PS_TASKUITests.framework; sourceTree = BUILT_PRODUCTS_DIR; };
		8CE086AA71E5D4552EBF1C53 /* Pods-PS_TASKTests.debug.xcconfig */ = {isa = PBXFileReference; includeInIndex = 1; lastKnownFileType = text.xcconfig; name = "Pods-PS_TASKTests.debug.xcconfig"; path = "Target Support Files/Pods-PS_TASKTests/Pods-PS_TASKTests.debug.xcconfig"; sourceTree = "<group>"; };
		9B1640A62860F13600A015D0 /* category.swift */ = {isa = PBXFileReference; lastKnownFileType = sourcecode.swift; path = category.swift; sourceTree = "<group>"; };
		9B1640A82860F14600A015D0 /* items.swift */ = {isa = PBXFileReference; lastKnownFileType = sourcecode.swift; path = items.swift; sourceTree = "<group>"; };
		9B1640AA2860F15800A015D0 /* products.swift */ = {isa = PBXFileReference; lastKnownFileType = sourcecode.swift; path = products.swift; sourceTree = "<group>"; };
		9B1640AC2860F16A00A015D0 /* combo.swift */ = {isa = PBXFileReference; lastKnownFileType = sourcecode.swift; path = combo.swift; sourceTree = "<group>"; };
		9B1640AF2860F8B800A015D0 /* NetworkAPI.swift */ = {isa = PBXFileReference; lastKnownFileType = sourcecode.swift; path = NetworkAPI.swift; sourceTree = "<group>"; };
		9B1640B12860F8CB00A015D0 /* NetworkRequest.swift */ = {isa = PBXFileReference; lastKnownFileType = sourcecode.swift; path = NetworkRequest.swift; sourceTree = "<group>"; };
		9B1640B42860F8E900A015D0 /* BaseAPI.swift */ = {isa = PBXFileReference; lastKnownFileType = sourcecode.swift; path = BaseAPI.swift; sourceTree = "<group>"; };
		9B1640B62860F8FA00A015D0 /* TargetType.swift */ = {isa = PBXFileReference; lastKnownFileType = sourcecode.swift; path = TargetType.swift; sourceTree = "<group>"; };
		9B1640BA2861050500A015D0 /* HomeViewModel.swift */ = {isa = PBXFileReference; lastKnownFileType = sourcecode.swift; path = HomeViewModel.swift; sourceTree = "<group>"; };
		9B1640BD2861052400A015D0 /* HomeView.swift */ = {isa = PBXFileReference; lastKnownFileType = sourcecode.swift; path = HomeView.swift; sourceTree = "<group>"; };
		9B1640C12861059A00A015D0 /* DetailsViewModel.swift */ = {isa = PBXFileReference; lastKnownFileType = sourcecode.swift; path = DetailsViewModel.swift; sourceTree = "<group>"; };
		9B1640C4286105BE00A015D0 /* DetailsView.swift */ = {isa = PBXFileReference; lastKnownFileType = sourcecode.swift; path = DetailsView.swift; sourceTree = "<group>"; };
		9B63B0D82860BA190074B85A /* PS_TASK.app */ = {isa = PBXFileReference; explicitFileType = wrapper.application; includeInIndex = 0; path = PS_TASK.app; sourceTree = BUILT_PRODUCTS_DIR; };
		9B63B0DB2860BA190074B85A /* PS_TASKApp.swift */ = {isa = PBXFileReference; lastKnownFileType = sourcecode.swift; path = PS_TASKApp.swift; sourceTree = "<group>"; };
		9B63B0DD2860BA190074B85A /* ContentView.swift */ = {isa = PBXFileReference; lastKnownFileType = sourcecode.swift; path = ContentView.swift; sourceTree = "<group>"; };
		9B63B0DF2860BA1D0074B85A /* Assets.xcassets */ = {isa = PBXFileReference; lastKnownFileType = folder.assetcatalog; path = Assets.xcassets; sourceTree = "<group>"; };
		9B63B0E22860BA1D0074B85A /* Preview Assets.xcassets */ = {isa = PBXFileReference; lastKnownFileType = folder.assetcatalog; path = "Preview Assets.xcassets"; sourceTree = "<group>"; };
		9B63B0E82860BA1E0074B85A /* PS_TASKTests.xctest */ = {isa = PBXFileReference; explicitFileType = wrapper.cfbundle; includeInIndex = 0; path = PS_TASKTests.xctest; sourceTree = BUILT_PRODUCTS_DIR; };
		9B63B0EC2860BA1E0074B85A /* PS_TASKTests.swift */ = {isa = PBXFileReference; lastKnownFileType = sourcecode.swift; path = PS_TASKTests.swift; sourceTree = "<group>"; };
		9B63B0F22860BA1E0074B85A /* PS_TASKUITests.xctest */ = {isa = PBXFileReference; explicitFileType = wrapper.cfbundle; includeInIndex = 0; path = PS_TASKUITests.xctest; sourceTree = BUILT_PRODUCTS_DIR; };
		9B63B0F62860BA1E0074B85A /* PS_TASKUITests.swift */ = {isa = PBXFileReference; lastKnownFileType = sourcecode.swift; path = PS_TASKUITests.swift; sourceTree = "<group>"; };
		9B63B0F82860BA1E0074B85A /* PS_TASKUITestsLaunchTests.swift */ = {isa = PBXFileReference; lastKnownFileType = sourcecode.swift; path = PS_TASKUITestsLaunchTests.swift; sourceTree = "<group>"; };
		A4A94B58ADDA906981B57E6B /* Pods-PS_TASK-PS_TASKUITests.release.xcconfig */ = {isa = PBXFileReference; includeInIndex = 1; lastKnownFileType = text.xcconfig; name = "Pods-PS_TASK-PS_TASKUITests.release.xcconfig"; path = "Target Support Files/Pods-PS_TASK-PS_TASKUITests/Pods-PS_TASK-PS_TASKUITests.release.xcconfig"; sourceTree = "<group>"; };
		AFF10BC469B27F3E6513D6F2 /* Pods-PS_TASK.release.xcconfig */ = {isa = PBXFileReference; includeInIndex = 1; lastKnownFileType = text.xcconfig; name = "Pods-PS_TASK.release.xcconfig"; path = "Target Support Files/Pods-PS_TASK/Pods-PS_TASK.release.xcconfig"; sourceTree = "<group>"; };
		FA7A25F38B44CE77ABA55F94 /* Pods_PS_TASKTests.framework */ = {isa = PBXFileReference; explicitFileType = wrapper.framework; includeInIndex = 0; path = Pods_PS_TASKTests.framework; sourceTree = BUILT_PRODUCTS_DIR; };
/* End PBXFileReference section */

/* Begin PBXFrameworksBuildPhase section */
		9B63B0D52860BA190074B85A /* Frameworks */ = {
			isa = PBXFrameworksBuildPhase;
			buildActionMask = 2147483647;
			files = (
				9BC0C8CF2860D94C00212561 /* QGrid in Frameworks */,
				5AB669D42EB94CE58E6A06BC /* Pods_PS_TASK.framework in Frameworks */,
			);
			runOnlyForDeploymentPostprocessing = 0;
		};
		9B63B0E52860BA1E0074B85A /* Frameworks */ = {
			isa = PBXFrameworksBuildPhase;
			buildActionMask = 2147483647;
			files = (
				55C9818ACE2007F7FEA1643D /* Pods_PS_TASKTests.framework in Frameworks */,
			);
			runOnlyForDeploymentPostprocessing = 0;
		};
		9B63B0EF2860BA1E0074B85A /* Frameworks */ = {
			isa = PBXFrameworksBuildPhase;
			buildActionMask = 2147483647;
			files = (
				FD9DE2DEDAE9B34112ED79C0 /* Pods_PS_TASK_PS_TASKUITests.framework in Frameworks */,
			);
			runOnlyForDeploymentPostprocessing = 0;
		};
/* End PBXFrameworksBuildPhase section */

/* Begin PBXGroup section */
		3D625DC5AB0627B6A2F68A38 /* Pods */ = {
			isa = PBXGroup;
			children = (
				51422B81F1186D4F33416641 /* Pods-PS_TASK.debug.xcconfig */,
				AFF10BC469B27F3E6513D6F2 /* Pods-PS_TASK.release.xcconfig */,
				4D0A566E782A1BB70557FE7E /* Pods-PS_TASK-PS_TASKUITests.debug.xcconfig */,
				A4A94B58ADDA906981B57E6B /* Pods-PS_TASK-PS_TASKUITests.release.xcconfig */,
				8CE086AA71E5D4552EBF1C53 /* Pods-PS_TASKTests.debug.xcconfig */,
				34F507C6414FAB6E7AD7BC4E /* Pods-PS_TASKTests.release.xcconfig */,
			);
			path = Pods;
			sourceTree = "<group>";
		};
		66BF3748083BE77720E4F22E /* Frameworks */ = {
			isa = PBXGroup;
			children = (
				45D42E596CCF0D40632148AD /* Pods_PS_TASK.framework */,
				542DB1BA57878A52873DE9B0 /* Pods_PS_TASK_PS_TASKUITests.framework */,
				FA7A25F38B44CE77ABA55F94 /* Pods_PS_TASKTests.framework */,
			);
			name = Frameworks;
			sourceTree = "<group>";
		};
		9B1640A32860F0F700A015D0 /* NetworkService */ = {
			isa = PBXGroup;
			children = (
				9B1640B32860F8D500A015D0 /* Base */,
				9B1640AE2860F87100A015D0 /* APIConnection */,
			);
			path = NetworkService;
			sourceTree = "<group>";
		};
		9B1640A42860F10B00A015D0 /* Model */ = {
			isa = PBXGroup;
			children = (
				9B1640A62860F13600A015D0 /* category.swift */,
				9B1640A82860F14600A015D0 /* items.swift */,
				9B1640AA2860F15800A015D0 /* products.swift */,
				9B1640AC2860F16A00A015D0 /* combo.swift */,
			);
			path = Model;
			sourceTree = "<group>";
		};
		9B1640A52860F11700A015D0 /* Modules */ = {
			isa = PBXGroup;
			children = (
				9B1640BF2861052C00A015D0 /* DetailsPage */,
				9B1640B8286104E600A015D0 /* HomePage */,
			);
			path = Modules;
			sourceTree = "<group>";
		};
		9B1640AE2860F87100A015D0 /* APIConnection */ = {
			isa = PBXGroup;
			children = (
				9B1640AF2860F8B800A015D0 /* NetworkAPI.swift */,
				9B1640B12860F8CB00A015D0 /* NetworkRequest.swift */,
			);
			path = APIConnection;
			sourceTree = "<group>";
		};
		9B1640B32860F8D500A015D0 /* Base */ = {
			isa = PBXGroup;
			children = (
				9B1640B42860F8E900A015D0 /* BaseAPI.swift */,
				9B1640B62860F8FA00A015D0 /* TargetType.swift */,
			);
			path = Base;
			sourceTree = "<group>";
		};
		9B1640B8286104E600A015D0 /* HomePage */ = {
			isa = PBXGroup;
			children = (
				9B1640BC2861051400A015D0 /* View */,
				9B1640B9286104F000A015D0 /* ViewModel */,
			);
			path = HomePage;
			sourceTree = "<group>";
		};
		9B1640B9286104F000A015D0 /* ViewModel */ = {
			isa = PBXGroup;
			children = (
				9B1640BA2861050500A015D0 /* HomeViewModel.swift */,
			);
			path = ViewModel;
			sourceTree = "<group>";
		};
		9B1640BC2861051400A015D0 /* View */ = {
			isa = PBXGroup;
			children = (
				9B1640BD2861052400A015D0 /* HomeView.swift */,
			);
			path = View;
			sourceTree = "<group>";
		};
		9B1640BF2861052C00A015D0 /* DetailsPage */ = {
			isa = PBXGroup;
			children = (
				9B1640C3286105A400A015D0 /* DetailsView */,
				9B1640C02861057B00A015D0 /* DetailsViewModel */,
			);
			path = DetailsPage;
			sourceTree = "<group>";
		};
		9B1640C02861057B00A015D0 /* DetailsViewModel */ = {
			isa = PBXGroup;
			children = (
				9B1640C12861059A00A015D0 /* DetailsViewModel.swift */,
			);
			path = DetailsViewModel;
			sourceTree = "<group>";
		};
		9B1640C3286105A400A015D0 /* DetailsView */ = {
			isa = PBXGroup;
			children = (
				9B1640C4286105BE00A015D0 /* DetailsView.swift */,
			);
			path = DetailsView;
			sourceTree = "<group>";
		};
		9B63B0CF2860BA190074B85A = {
			isa = PBXGroup;
			children = (
				9B63B0DA2860BA190074B85A /* PS_TASK */,
				9B63B0EB2860BA1E0074B85A /* PS_TASKTests */,
				9B63B0F52860BA1E0074B85A /* PS_TASKUITests */,
				9B63B0D92860BA190074B85A /* Products */,
				3D625DC5AB0627B6A2F68A38 /* Pods */,
				66BF3748083BE77720E4F22E /* Frameworks */,
			);
			sourceTree = "<group>";
		};
		9B63B0D92860BA190074B85A /* Products */ = {
			isa = PBXGroup;
			children = (
				9B63B0D82860BA190074B85A /* PS_TASK.app */,
				9B63B0E82860BA1E0074B85A /* PS_TASKTests.xctest */,
				9B63B0F22860BA1E0074B85A /* PS_TASKUITests.xctest */,
			);
			name = Products;
			sourceTree = "<group>";
		};
		9B63B0DA2860BA190074B85A /* PS_TASK */ = {
			isa = PBXGroup;
			children = (
				9B1640A52860F11700A015D0 /* Modules */,
				9B1640A42860F10B00A015D0 /* Model */,
				9B1640A32860F0F700A015D0 /* NetworkService */,
				9B63B0DB2860BA190074B85A /* PS_TASKApp.swift */,
				9B63B0DD2860BA190074B85A /* ContentView.swift */,
				9B63B0DF2860BA1D0074B85A /* Assets.xcassets */,
				9B63B0E12860BA1D0074B85A /* Preview Content */,
			);
			path = PS_TASK;
			sourceTree = "<group>";
		};
		9B63B0E12860BA1D0074B85A /* Preview Content */ = {
			isa = PBXGroup;
			children = (
				9B63B0E22860BA1D0074B85A /* Preview Assets.xcassets */,
			);
			path = "Preview Content";
			sourceTree = "<group>";
		};
		9B63B0EB2860BA1E0074B85A /* PS_TASKTests */ = {
			isa = PBXGroup;
			children = (
				9B63B0EC2860BA1E0074B85A /* PS_TASKTests.swift */,
			);
			path = PS_TASKTests;
			sourceTree = "<group>";
		};
		9B63B0F52860BA1E0074B85A /* PS_TASKUITests */ = {
			isa = PBXGroup;
			children = (
				9B63B0F62860BA1E0074B85A /* PS_TASKUITests.swift */,
				9B63B0F82860BA1E0074B85A /* PS_TASKUITestsLaunchTests.swift */,
			);
			path = PS_TASKUITests;
			sourceTree = "<group>";
		};
/* End PBXGroup section */

/* Begin PBXNativeTarget section */
		9B63B0D72860BA190074B85A /* PS_TASK */ = {
			isa = PBXNativeTarget;
			buildConfigurationList = 9B63B0FC2860BA1E0074B85A /* Build configuration list for PBXNativeTarget "PS_TASK" */;
			buildPhases = (
				B1E43B7A29FDBC9657F8FEBF /* [CP] Check Pods Manifest.lock */,
				9B63B0D42860BA190074B85A /* Sources */,
				9B63B0D52860BA190074B85A /* Frameworks */,
				9B63B0D62860BA190074B85A /* Resources */,
				58E410CDF0C6437178504461 /* [CP] Embed Pods Frameworks */,
			);
			buildRules = (
			);
			dependencies = (
			);
			name = PS_TASK;
			packageProductDependencies = (
				9BC0C8CE2860D94C00212561 /* QGrid */,
			);
			productName = PS_TASK;
			productReference = 9B63B0D82860BA190074B85A /* PS_TASK.app */;
			productType = "com.apple.product-type.application";
		};
		9B63B0E72860BA1E0074B85A /* PS_TASKTests */ = {
			isa = PBXNativeTarget;
			buildConfigurationList = 9B63B0FF2860BA1E0074B85A /* Build configuration list for PBXNativeTarget "PS_TASKTests" */;
			buildPhases = (
				5690C42B4A462AB0D56B20B5 /* [CP] Check Pods Manifest.lock */,
				9B63B0E42860BA1E0074B85A /* Sources */,
				9B63B0E52860BA1E0074B85A /* Frameworks */,
				9B63B0E62860BA1E0074B85A /* Resources */,
			);
			buildRules = (
			);
			dependencies = (
				9B63B0EA2860BA1E0074B85A /* PBXTargetDependency */,
			);
			name = PS_TASKTests;
			productName = PS_TASKTests;
			productReference = 9B63B0E82860BA1E0074B85A /* PS_TASKTests.xctest */;
			productType = "com.apple.product-type.bundle.unit-test";
		};
		9B63B0F12860BA1E0074B85A /* PS_TASKUITests */ = {
			isa = PBXNativeTarget;
			buildConfigurationList = 9B63B1022860BA1E0074B85A /* Build configuration list for PBXNativeTarget "PS_TASKUITests" */;
			buildPhases = (
				D0A9B259D3D0C4013442E13E /* [CP] Check Pods Manifest.lock */,
				9B63B0EE2860BA1E0074B85A /* Sources */,
				9B63B0EF2860BA1E0074B85A /* Frameworks */,
				9B63B0F02860BA1E0074B85A /* Resources */,
				C4FDDA44C0FDC2C59C0BE0B4 /* [CP] Embed Pods Frameworks */,
			);
			buildRules = (
			);
			dependencies = (
				9B63B0F42860BA1E0074B85A /* PBXTargetDependency */,
			);
			name = PS_TASKUITests;
			productName = PS_TASKUITests;
			productReference = 9B63B0F22860BA1E0074B85A /* PS_TASKUITests.xctest */;
			productType = "com.apple.product-type.bundle.ui-testing";
		};
/* End PBXNativeTarget section */

/* Begin PBXProject section */
		9B63B0D02860BA190074B85A /* Project object */ = {
			isa = PBXProject;
			attributes = {
				BuildIndependentTargetsInParallel = 1;
				LastSwiftUpdateCheck = 1340;
				LastUpgradeCheck = 1340;
				TargetAttributes = {
					9B63B0D72860BA190074B85A = {
						CreatedOnToolsVersion = 13.4.1;
					};
					9B63B0E72860BA1E0074B85A = {
						CreatedOnToolsVersion = 13.4.1;
						TestTargetID = 9B63B0D72860BA190074B85A;
					};
					9B63B0F12860BA1E0074B85A = {
						CreatedOnToolsVersion = 13.4.1;
						TestTargetID = 9B63B0D72860BA190074B85A;
					};
				};
			};
			buildConfigurationList = 9B63B0D32860BA190074B85A /* Build configuration list for PBXProject "PS_TASK" */;
			compatibilityVersion = "Xcode 13.0";
			developmentRegion = en;
			hasScannedForEncodings = 0;
			knownRegions = (
				en,
				Base,
			);
			mainGroup = 9B63B0CF2860BA190074B85A;
			packageReferences = (
				9BC0C8CD2860D94C00212561 /* XCRemoteSwiftPackageReference "QGrid" */,
			);
			productRefGroup = 9B63B0D92860BA190074B85A /* Products */;
			projectDirPath = "";
			projectRoot = "";
			targets = (
				9B63B0D72860BA190074B85A /* PS_TASK */,
				9B63B0E72860BA1E0074B85A /* PS_TASKTests */,
				9B63B0F12860BA1E0074B85A /* PS_TASKUITests */,
			);
		};
/* End PBXProject section */

/* Begin PBXResourcesBuildPhase section */
		9B63B0D62860BA190074B85A /* Resources */ = {
			isa = PBXResourcesBuildPhase;
			buildActionMask = 2147483647;
			files = (
				9B63B0E32860BA1D0074B85A /* Preview Assets.xcassets in Resources */,
				9B63B0E02860BA1D0074B85A /* Assets.xcassets in Resources */,
			);
			runOnlyForDeploymentPostprocessing = 0;
		};
		9B63B0E62860BA1E0074B85A /* Resources */ = {
			isa = PBXResourcesBuildPhase;
			buildActionMask = 2147483647;
			files = (
			);
			runOnlyForDeploymentPostprocessing = 0;
		};
		9B63B0F02860BA1E0074B85A /* Resources */ = {
			isa = PBXResourcesBuildPhase;
			buildActionMask = 2147483647;
			files = (
			);
			runOnlyForDeploymentPostprocessing = 0;
		};
/* End PBXResourcesBuildPhase section */

/* Begin PBXShellScriptBuildPhase section */
		5690C42B4A462AB0D56B20B5 /* [CP] Check Pods Manifest.lock */ = {
			isa = PBXShellScriptBuildPhase;
			buildActionMask = 2147483647;
			files = (
			);
			inputFileListPaths = (
			);
			inputPaths = (
				"${PODS_PODFILE_DIR_PATH}/Podfile.lock",
				"${PODS_ROOT}/Manifest.lock",
			);
			name = "[CP] Check Pods Manifest.lock";
			outputFileListPaths = (
			);
			outputPaths = (
				"$(DERIVED_FILE_DIR)/Pods-PS_TASKTests-checkManifestLockResult.txt",
			);
			runOnlyForDeploymentPostprocessing = 0;
			shellPath = /bin/sh;
			shellScript = "diff \"${PODS_PODFILE_DIR_PATH}/Podfile.lock\" \"${PODS_ROOT}/Manifest.lock\" > /dev/null\nif [ $? != 0 ] ; then\n    # print error to STDERR\n    echo \"error: The sandbox is not in sync with the Podfile.lock. Run 'pod install' or update your CocoaPods installation.\" >&2\n    exit 1\nfi\n# This output is used by Xcode 'outputs' to avoid re-running this script phase.\necho \"SUCCESS\" > \"${SCRIPT_OUTPUT_FILE_0}\"\n";
			showEnvVarsInLog = 0;
		};
		58E410CDF0C6437178504461 /* [CP] Embed Pods Frameworks */ = {
			isa = PBXShellScriptBuildPhase;
			buildActionMask = 2147483647;
			files = (
			);
			inputFileListPaths = (
				"${PODS_ROOT}/Target Support Files/Pods-PS_TASK/Pods-PS_TASK-frameworks-${CONFIGURATION}-input-files.xcfilelist",
			);
			name = "[CP] Embed Pods Frameworks";
			outputFileListPaths = (
				"${PODS_ROOT}/Target Support Files/Pods-PS_TASK/Pods-PS_TASK-frameworks-${CONFIGURATION}-output-files.xcfilelist",
			);
			runOnlyForDeploymentPostprocessing = 0;
			shellPath = /bin/sh;
			shellScript = "\"${PODS_ROOT}/Target Support Files/Pods-PS_TASK/Pods-PS_TASK-frameworks.sh\"\n";
			showEnvVarsInLog = 0;
		};
		B1E43B7A29FDBC9657F8FEBF /* [CP] Check Pods Manifest.lock */ = {
			isa = PBXShellScriptBuildPhase;
			buildActionMask = 2147483647;
			files = (
			);
			inputFileListPaths = (
			);
			inputPaths = (
				"${PODS_PODFILE_DIR_PATH}/Podfile.lock",
				"${PODS_ROOT}/Manifest.lock",
			);
			name = "[CP] Check Pods Manifest.lock";
			outputFileListPaths = (
			);
			outputPaths = (
				"$(DERIVED_FILE_DIR)/Pods-PS_TASK-checkManifestLockResult.txt",
			);
			runOnlyForDeploymentPostprocessing = 0;
			shellPath = /bin/sh;
			shellScript = "diff \"${PODS_PODFILE_DIR_PATH}/Podfile.lock\" \"${PODS_ROOT}/Manifest.lock\" > /dev/null\nif [ $? != 0 ] ; then\n    # print error to STDERR\n    echo \"error: The sandbox is not in sync with the Podfile.lock. Run 'pod install' or update your CocoaPods installation.\" >&2\n    exit 1\nfi\n# This output is used by Xcode 'outputs' to avoid re-running this script phase.\necho \"SUCCESS\" > \"${SCRIPT_OUTPUT_FILE_0}\"\n";
			showEnvVarsInLog = 0;
		};
		C4FDDA44C0FDC2C59C0BE0B4 /* [CP] Embed Pods Frameworks */ = {
			isa = PBXShellScriptBuildPhase;
			buildActionMask = 2147483647;
			files = (
			);
			inputFileListPaths = (
				"${PODS_ROOT}/Target Support Files/Pods-PS_TASK-PS_TASKUITests/Pods-PS_TASK-PS_TASKUITests-frameworks-${CONFIGURATION}-input-files.xcfilelist",
			);
			name = "[CP] Embed Pods Frameworks";
			outputFileListPaths = (
				"${PODS_ROOT}/Target Support Files/Pods-PS_TASK-PS_TASKUITests/Pods-PS_TASK-PS_TASKUITests-frameworks-${CONFIGURATION}-output-files.xcfilelist",
			);
			runOnlyForDeploymentPostprocessing = 0;
			shellPath = /bin/sh;
			shellScript = "\"${PODS_ROOT}/Target Support Files/Pods-PS_TASK-PS_TASKUITests/Pods-PS_TASK-PS_TASKUITests-frameworks.sh\"\n";
			showEnvVarsInLog = 0;
		};
		D0A9B259D3D0C4013442E13E /* [CP] Check Pods Manifest.lock */ = {
			isa = PBXShellScriptBuildPhase;
			buildActionMask = 2147483647;
			files = (
			);
			inputFileListPaths = (
			);
			inputPaths = (
				"${PODS_PODFILE_DIR_PATH}/Podfile.lock",
				"${PODS_ROOT}/Manifest.lock",
			);
			name = "[CP] Check Pods Manifest.lock";
			outputFileListPaths = (
			);
			outputPaths = (
				"$(DERIVED_FILE_DIR)/Pods-PS_TASK-PS_TASKUITests-checkManifestLockResult.txt",
			);
			runOnlyForDeploymentPostprocessing = 0;
			shellPath = /bin/sh;
			shellScript = "diff \"${PODS_PODFILE_DIR_PATH}/Podfile.lock\" \"${PODS_ROOT}/Manifest.lock\" > /dev/null\nif [ $? != 0 ] ; then\n    # print error to STDERR\n    echo \"error: The sandbox is not in sync with the Podfile.lock. Run 'pod install' or update your CocoaPods installation.\" >&2\n    exit 1\nfi\n# This output is used by Xcode 'outputs' to avoid re-running this script phase.\necho \"SUCCESS\" > \"${SCRIPT_OUTPUT_FILE_0}\"\n";
			showEnvVarsInLog = 0;
		};
/* End PBXShellScriptBuildPhase section */

/* Begin PBXSourcesBuildPhase section */
		9B63B0D42860BA190074B85A /* Sources */ = {
			isa = PBXSourcesBuildPhase;
			buildActionMask = 2147483647;
			files = (
				9B1640B72860F8FA00A015D0 /* TargetType.swift in Sources */,
				9B1640C5286105BF00A015D0 /* DetailsView.swift in Sources */,
				9B1640BB2861050500A015D0 /* HomeViewModel.swift in Sources */,
				9B1640A92860F14600A015D0 /* items.swift in Sources */,
				9B1640AB2860F15800A015D0 /* products.swift in Sources */,
				9B1640C22861059B00A015D0 /* DetailsViewModel.swift in Sources */,
				9B1640B22860F8CB00A015D0 /* NetworkRequest.swift in Sources */,
				9B1640B52860F8E900A015D0 /* BaseAPI.swift in Sources */,
				9B1640AD2860F16A00A015D0 /* combo.swift in Sources */,
				9B1640B02860F8B800A015D0 /* NetworkAPI.swift in Sources */,
				9B63B0DE2860BA190074B85A /* ContentView.swift in Sources */,
				9B1640BE2861052400A015D0 /* HomeView.swift in Sources */,
				9B1640A72860F13600A015D0 /* category.swift in Sources */,
				9B63B0DC2860BA190074B85A /* PS_TASKApp.swift in Sources */,
			);
			runOnlyForDeploymentPostprocessing = 0;
		};
		9B63B0E42860BA1E0074B85A /* Sources */ = {
			isa = PBXSourcesBuildPhase;
			buildActionMask = 2147483647;
			files = (
				9B63B0ED2860BA1E0074B85A /* PS_TASKTests.swift in Sources */,
			);
			runOnlyForDeploymentPostprocessing = 0;
		};
		9B63B0EE2860BA1E0074B85A /* Sources */ = {
			isa = PBXSourcesBuildPhase;
			buildActionMask = 2147483647;
			files = (
				9B63B0F92860BA1E0074B85A /* PS_TASKUITestsLaunchTests.swift in Sources */,
				9B63B0F72860BA1E0074B85A /* PS_TASKUITests.swift in Sources */,
			);
			runOnlyForDeploymentPostprocessing = 0;
		};
/* End PBXSourcesBuildPhase section */

/* Begin PBXTargetDependency section */
		9B63B0EA2860BA1E0074B85A /* PBXTargetDependency */ = {
			isa = PBXTargetDependency;
			target = 9B63B0D72860BA190074B85A /* PS_TASK */;
			targetProxy = 9B63B0E92860BA1E0074B85A /* PBXContainerItemProxy */;
		};
		9B63B0F42860BA1E0074B85A /* PBXTargetDependency */ = {
			isa = PBXTargetDependency;
			target = 9B63B0D72860BA190074B85A /* PS_TASK */;
			targetProxy = 9B63B0F32860BA1E0074B85A /* PBXContainerItemProxy */;
		};
/* End PBXTargetDependency section */

/* Begin XCBuildConfiguration section */
		9B63B0FA2860BA1E0074B85A /* Debug */ = {
			isa = XCBuildConfiguration;
			buildSettings = {
				ALWAYS_SEARCH_USER_PATHS = NO;
				CLANG_ANALYZER_NONNULL = YES;
				CLANG_ANALYZER_NUMBER_OBJECT_CONVERSION = YES_AGGRESSIVE;
				CLANG_CXX_LANGUAGE_STANDARD = "gnu++17";
				CLANG_ENABLE_MODULES = YES;
				CLANG_ENABLE_OBJC_ARC = YES;
				CLANG_ENABLE_OBJC_WEAK = YES;
				CLANG_WARN_BLOCK_CAPTURE_AUTORELEASING = YES;
				CLANG_WARN_BOOL_CONVERSION = YES;
				CLANG_WARN_COMMA = YES;
				CLANG_WARN_CONSTANT_CONVERSION = YES;
				CLANG_WARN_DEPRECATED_OBJC_IMPLEMENTATIONS = YES;
				CLANG_WARN_DIRECT_OBJC_ISA_USAGE = YES_ERROR;
				CLANG_WARN_DOCUMENTATION_COMMENTS = YES;
				CLANG_WARN_EMPTY_BODY = YES;
				CLANG_WARN_ENUM_CONVERSION = YES;
				CLANG_WARN_INFINITE_RECURSION = YES;
				CLANG_WARN_INT_CONVERSION = YES;
				CLANG_WARN_NON_LITERAL_NULL_CONVERSION = YES;
				CLANG_WARN_OBJC_IMPLICIT_RETAIN_SELF = YES;
				CLANG_WARN_OBJC_LITERAL_CONVERSION = YES;
				CLANG_WARN_OBJC_ROOT_CLASS = YES_ERROR;
				CLANG_WARN_QUOTED_INCLUDE_IN_FRAMEWORK_HEADER = YES;
				CLANG_WARN_RANGE_LOOP_ANALYSIS = YES;
				CLANG_WARN_STRICT_PROTOTYPES = YES;
				CLANG_WARN_SUSPICIOUS_MOVE = YES;
				CLANG_WARN_UNGUARDED_AVAILABILITY = YES_AGGRESSIVE;
				CLANG_WARN_UNREACHABLE_CODE = YES;
				CLANG_WARN__DUPLICATE_METHOD_MATCH = YES;
				COPY_PHASE_STRIP = NO;
				DEBUG_INFORMATION_FORMAT = dwarf;
				ENABLE_STRICT_OBJC_MSGSEND = YES;
				ENABLE_TESTABILITY = YES;
				GCC_C_LANGUAGE_STANDARD = gnu11;
				GCC_DYNAMIC_NO_PIC = NO;
				GCC_NO_COMMON_BLOCKS = YES;
				GCC_OPTIMIZATION_LEVEL = 0;
				GCC_PREPROCESSOR_DEFINITIONS = (
					"DEBUG=1",
					"$(inherited)",
				);
				GCC_WARN_64_TO_32_BIT_CONVERSION = YES;
				GCC_WARN_ABOUT_RETURN_TYPE = YES_ERROR;
				GCC_WARN_UNDECLARED_SELECTOR = YES;
				GCC_WARN_UNINITIALIZED_AUTOS = YES_AGGRESSIVE;
				GCC_WARN_UNUSED_FUNCTION = YES;
				GCC_WARN_UNUSED_VARIABLE = YES;
				IPHONEOS_DEPLOYMENT_TARGET = 15.5;
				MTL_ENABLE_DEBUG_INFO = INCLUDE_SOURCE;
				MTL_FAST_MATH = YES;
				ONLY_ACTIVE_ARCH = YES;
				SDKROOT = iphoneos;
				SWIFT_ACTIVE_COMPILATION_CONDITIONS = DEBUG;
				SWIFT_OPTIMIZATION_LEVEL = "-Onone";
			};
			name = Debug;
		};
		9B63B0FB2860BA1E0074B85A /* Release */ = {
			isa = XCBuildConfiguration;
			buildSettings = {
				ALWAYS_SEARCH_USER_PATHS = NO;
				CLANG_ANALYZER_NONNULL = YES;
				CLANG_ANALYZER_NUMBER_OBJECT_CONVERSION = YES_AGGRESSIVE;
				CLANG_CXX_LANGUAGE_STANDARD = "gnu++17";
				CLANG_ENABLE_MODULES = YES;
				CLANG_ENABLE_OBJC_ARC = YES;
				CLANG_ENABLE_OBJC_WEAK = YES;
				CLANG_WARN_BLOCK_CAPTURE_AUTORELEASING = YES;
				CLANG_WARN_BOOL_CONVERSION = YES;
				CLANG_WARN_COMMA = YES;
				CLANG_WARN_CONSTANT_CONVERSION = YES;
				CLANG_WARN_DEPRECATED_OBJC_IMPLEMENTATIONS = YES;
				CLANG_WARN_DIRECT_OBJC_ISA_USAGE = YES_ERROR;
				CLANG_WARN_DOCUMENTATION_COMMENTS = YES;
				CLANG_WARN_EMPTY_BODY = YES;
				CLANG_WARN_ENUM_CONVERSION = YES;
				CLANG_WARN_INFINITE_RECURSION = YES;
				CLANG_WARN_INT_CONVERSION = YES;
				CLANG_WARN_NON_LITERAL_NULL_CONVERSION = YES;
				CLANG_WARN_OBJC_IMPLICIT_RETAIN_SELF = YES;
				CLANG_WARN_OBJC_LITERAL_CONVERSION = YES;
				CLANG_WARN_OBJC_ROOT_CLASS = YES_ERROR;
				CLANG_WARN_QUOTED_INCLUDE_IN_FRAMEWORK_HEADER = YES;
				CLANG_WARN_RANGE_LOOP_ANALYSIS = YES;
				CLANG_WARN_STRICT_PROTOTYPES = YES;
				CLANG_WARN_SUSPICIOUS_MOVE = YES;
				CLANG_WARN_UNGUARDED_AVAILABILITY = YES_AGGRESSIVE;
				CLANG_WARN_UNREACHABLE_CODE = YES;
				CLANG_WARN__DUPLICATE_METHOD_MATCH = YES;
				COPY_PHASE_STRIP = NO;
				DEBUG_INFORMATION_FORMAT = "dwarf-with-dsym";
				ENABLE_NS_ASSERTIONS = NO;
				ENABLE_STRICT_OBJC_MSGSEND = YES;
				GCC_C_LANGUAGE_STANDARD = gnu11;
				GCC_NO_COMMON_BLOCKS = YES;
				GCC_WARN_64_TO_32_BIT_CONVERSION = YES;
				GCC_WARN_ABOUT_RETURN_TYPE = YES_ERROR;
				GCC_WARN_UNDECLARED_SELECTOR = YES;
				GCC_WARN_UNINITIALIZED_AUTOS = YES_AGGRESSIVE;
				GCC_WARN_UNUSED_FUNCTION = YES;
				GCC_WARN_UNUSED_VARIABLE = YES;
				IPHONEOS_DEPLOYMENT_TARGET = 15.5;
				MTL_ENABLE_DEBUG_INFO = NO;
				MTL_FAST_MATH = YES;
				SDKROOT = iphoneos;
				SWIFT_COMPILATION_MODE = wholemodule;
				SWIFT_OPTIMIZATION_LEVEL = "-O";
				VALIDATE_PRODUCT = YES;
			};
			name = Release;
		};
		9B63B0FD2860BA1E0074B85A /* Debug */ = {
			isa = XCBuildConfiguration;
			baseConfigurationReference = 51422B81F1186D4F33416641 /* Pods-PS_TASK.debug.xcconfig */;
			buildSettings = {
				ASSETCATALOG_COMPILER_APPICON_NAME = AppIcon;
				ASSETCATALOG_COMPILER_GLOBAL_ACCENT_COLOR_NAME = AccentColor;
				CODE_SIGN_STYLE = Automatic;
				CURRENT_PROJECT_VERSION = 1;
				DEVELOPMENT_ASSET_PATHS = "\"PS_TASK/Preview Content\"";
				ENABLE_PREVIEWS = YES;
				GENERATE_INFOPLIST_FILE = YES;
				INFOPLIST_KEY_UIApplicationSceneManifest_Generation = YES;
				INFOPLIST_KEY_UIApplicationSupportsIndirectInputEvents = YES;
				INFOPLIST_KEY_UILaunchScreen_Generation = YES;
				INFOPLIST_KEY_UISupportedInterfaceOrientations_iPad = "UIInterfaceOrientationPortrait UIInterfaceOrientationPortraitUpsideDown UIInterfaceOrientationLandscapeLeft UIInterfaceOrientationLandscapeRight";
				INFOPLIST_KEY_UISupportedInterfaceOrientations_iPhone = "UIInterfaceOrientationPortrait UIInterfaceOrientationLandscapeLeft UIInterfaceOrientationLandscapeRight";
				LD_RUNPATH_SEARCH_PATHS = (
					"$(inherited)",
					"@executable_path/Frameworks",
				);
				MARKETING_VERSION = 1.0;
				PRODUCT_BUNDLE_IDENTIFIER = "Iti.PS-TASK";
				PRODUCT_NAME = "$(TARGET_NAME)";
				SWIFT_EMIT_LOC_STRINGS = YES;
				SWIFT_VERSION = 5.0;
				TARGETED_DEVICE_FAMILY = "1,2";
			};
			name = Debug;
		};
		9B63B0FE2860BA1E0074B85A /* Release */ = {
			isa = XCBuildConfiguration;
			baseConfigurationReference = AFF10BC469B27F3E6513D6F2 /* Pods-PS_TASK.release.xcconfig */;
			buildSettings = {
				ASSETCATALOG_COMPILER_APPICON_NAME = AppIcon;
				ASSETCATALOG_COMPILER_GLOBAL_ACCENT_COLOR_NAME = AccentColor;
				CODE_SIGN_STYLE = Automatic;
				CURRENT_PROJECT_VERSION = 1;
				DEVELOPMENT_ASSET_PATHS = "\"PS_TASK/Preview Content\"";
				ENABLE_PREVIEWS = YES;
				GENERATE_INFOPLIST_FILE = YES;
				INFOPLIST_KEY_UIApplicationSceneManifest_Generation = YES;
				INFOPLIST_KEY_UIApplicationSupportsIndirectInputEvents = YES;
				INFOPLIST_KEY_UILaunchScreen_Generation = YES;
				INFOPLIST_KEY_UISupportedInterfaceOrientations_iPad = "UIInterfaceOrientationPortrait UIInterfaceOrientationPortraitUpsideDown UIInterfaceOrientationLandscapeLeft UIInterfaceOrientationLandscapeRight";
				INFOPLIST_KEY_UISupportedInterfaceOrientations_iPhone = "UIInterfaceOrientationPortrait UIInterfaceOrientationLandscapeLeft UIInterfaceOrientationLandscapeRight";
				LD_RUNPATH_SEARCH_PATHS = (
					"$(inherited)",
					"@executable_path/Frameworks",
				);
				MARKETING_VERSION = 1.0;
				PRODUCT_BUNDLE_IDENTIFIER = "Iti.PS-TASK";
				PRODUCT_NAME = "$(TARGET_NAME)";
				SWIFT_EMIT_LOC_STRINGS = YES;
				SWIFT_VERSION = 5.0;
				TARGETED_DEVICE_FAMILY = "1,2";
			};
			name = Release;
		};
		9B63B1002860BA1E0074B85A /* Debug */ = {
			isa = XCBuildConfiguration;
			baseConfigurationReference = 8CE086AA71E5D4552EBF1C53 /* Pods-PS_TASKTests.debug.xcconfig */;
			buildSettings = {
				ALWAYS_EMBED_SWIFT_STANDARD_LIBRARIES = YES;
				BUNDLE_LOADER = "$(TEST_HOST)";
				CODE_SIGN_STYLE = Automatic;
				CURRENT_PROJECT_VERSION = 1;
				GENERATE_INFOPLIST_FILE = YES;
				IPHONEOS_DEPLOYMENT_TARGET = 15.5;
				MARKETING_VERSION = 1.0;
				PRODUCT_BUNDLE_IDENTIFIER = "Iti.PS-TASKTests";
				PRODUCT_NAME = "$(TARGET_NAME)";
				SWIFT_EMIT_LOC_STRINGS = NO;
				SWIFT_VERSION = 5.0;
				TARGETED_DEVICE_FAMILY = "1,2";
				TEST_HOST = "$(BUILT_PRODUCTS_DIR)/PS_TASK.app/PS_TASK";
			};
			name = Debug;
		};
		9B63B1012860BA1E0074B85A /* Release */ = {
			isa = XCBuildConfiguration;
			baseConfigurationReference = 34F507C6414FAB6E7AD7BC4E /* Pods-PS_TASKTests.release.xcconfig */;
			buildSettings = {
				ALWAYS_EMBED_SWIFT_STANDARD_LIBRARIES = YES;
				BUNDLE_LOADER = "$(TEST_HOST)";
				CODE_SIGN_STYLE = Automatic;
				CURRENT_PROJECT_VERSION = 1;
				GENERATE_INFOPLIST_FILE = YES;
				IPHONEOS_DEPLOYMENT_TARGET = 15.5;
				MARKETING_VERSION = 1.0;
				PRODUCT_BUNDLE_IDENTIFIER = "Iti.PS-TASKTests";
				PRODUCT_NAME = "$(TARGET_NAME)";
				SWIFT_EMIT_LOC_STRINGS = NO;
				SWIFT_VERSION = 5.0;
				TARGETED_DEVICE_FAMILY = "1,2";
				TEST_HOST = "$(BUILT_PRODUCTS_DIR)/PS_TASK.app/PS_TASK";
			};
			name = Release;
		};
		9B63B1032860BA1E0074B85A /* Debug */ = {
			isa = XCBuildConfiguration;
			baseConfigurationReference = 4D0A566E782A1BB70557FE7E /* Pods-PS_TASK-PS_TASKUITests.debug.xcconfig */;
			buildSettings = {
				ALWAYS_EMBED_SWIFT_STANDARD_LIBRARIES = YES;
				CODE_SIGN_STYLE = Automatic;
				CURRENT_PROJECT_VERSION = 1;
				GENERATE_INFOPLIST_FILE = YES;
				MARKETING_VERSION = 1.0;
				PRODUCT_BUNDLE_IDENTIFIER = "Iti.PS-TASKUITests";
				PRODUCT_NAME = "$(TARGET_NAME)";
				SWIFT_EMIT_LOC_STRINGS = NO;
				SWIFT_VERSION = 5.0;
				TARGETED_DEVICE_FAMILY = "1,2";
				TEST_TARGET_NAME = PS_TASK;
			};
			name = Debug;
		};
		9B63B1042860BA1E0074B85A /* Release */ = {
			isa = XCBuildConfiguration;
			baseConfigurationReference = A4A94B58ADDA906981B57E6B /* Pods-PS_TASK-PS_TASKUITests.release.xcconfig */;
			buildSettings = {
				ALWAYS_EMBED_SWIFT_STANDARD_LIBRARIES = YES;
				CODE_SIGN_STYLE = Automatic;
				CURRENT_PROJECT_VERSION = 1;
				GENERATE_INFOPLIST_FILE = YES;
				MARKETING_VERSION = 1.0;
				PRODUCT_BUNDLE_IDENTIFIER = "Iti.PS-TASKUITests";
				PRODUCT_NAME = "$(TARGET_NAME)";
				SWIFT_EMIT_LOC_STRINGS = NO;
				SWIFT_VERSION = 5.0;
				TARGETED_DEVICE_FAMILY = "1,2";
				TEST_TARGET_NAME = PS_TASK;
			};
			name = Release;
		};
/* End XCBuildConfiguration section */

/* Begin XCConfigurationList section */
		9B63B0D32860BA190074B85A /* Build configuration list for PBXProject "PS_TASK" */ = {
			isa = XCConfigurationList;
			buildConfigurations = (
				9B63B0FA2860BA1E0074B85A /* Debug */,
				9B63B0FB2860BA1E0074B85A /* Release */,
			);
			defaultConfigurationIsVisible = 0;
			defaultConfigurationName = Release;
		};
		9B63B0FC2860BA1E0074B85A /* Build configuration list for PBXNativeTarget "PS_TASK" */ = {
			isa = XCConfigurationList;
			buildConfigurations = (
				9B63B0FD2860BA1E0074B85A /* Debug */,
				9B63B0FE2860BA1E0074B85A /* Release */,
			);
			defaultConfigurationIsVisible = 0;
			defaultConfigurationName = Release;
		};
		9B63B0FF2860BA1E0074B85A /* Build configuration list for PBXNativeTarget "PS_TASKTests" */ = {
			isa = XCConfigurationList;
			buildConfigurations = (
				9B63B1002860BA1E0074B85A /* Debug */,
				9B63B1012860BA1E0074B85A /* Release */,
			);
			defaultConfigurationIsVisible = 0;
			defaultConfigurationName = Release;
		};
		9B63B1022860BA1E0074B85A /* Build configuration list for PBXNativeTarget "PS_TASKUITests" */ = {
			isa = XCConfigurationList;
			buildConfigurations = (
				9B63B1032860BA1E0074B85A /* Debug */,
				9B63B1042860BA1E0074B85A /* Release */,
			);
			defaultConfigurationIsVisible = 0;
			defaultConfigurationName = Release;
		};
/* End XCConfigurationList section */

/* Begin XCRemoteSwiftPackageReference section */
		9BC0C8CD2860D94C00212561 /* XCRemoteSwiftPackageReference "QGrid" */ = {
			isa = XCRemoteSwiftPackageReference;
			repositoryURL = "https://github.com/Q-Mobile/QGrid";
			requirement = {
				branch = master;
				kind = branch;
			};
		};
/* End XCRemoteSwiftPackageReference section */

/* Begin XCSwiftPackageProductDependency section */
		9BC0C8CE2860D94C00212561 /* QGrid */ = {
			isa = XCSwiftPackageProductDependency;
			package = 9BC0C8CD2860D94C00212561 /* XCRemoteSwiftPackageReference "QGrid" */;
			productName = QGrid;
		};
/* End XCSwiftPackageProductDependency section */
	};
	rootObject = 9B63B0D02860BA190074B85A /* Project object */;
}
